
Microsoft Visual Studio Solution File, Format Version 12.00
# Visual Studio Version 17
VisualStudioVersion = 17.0.31903.59
MinimumVisualStudioVersion = 10.0.40219.1
Project("{FAE04EC0-301F-11D3-BF4B-00C04F79EFBC}") = "FlakyApp", "FlakyApp\FlakyApp.csproj", "{45BA8248-8607-416F-A4B7-98139E479BF4}"
EndProject
Project("{FAE04EC0-301F-11D3-BF4B-00C04F79EFBC}") = "FlakyApp.Tests", "FlakyApp.Tests\FlakyApp.Tests.csproj", "{2FFB32B3-C2EF-45AD-9B12-41374416A802}"
EndProject
Global
	GlobalSection(SolutionConfigurationPlatforms) = preSolution
		Debug|Any CPU = Debug|Any CPU
		Release|Any CPU = Release|Any CPU
	EndGlobalSection
	GlobalSection(SolutionProperties) = preSolution
		HideSolutionNode = FALSE
	EndGlobalSection
	GlobalSection(ProjectConfigurationPlatforms) = postSolution
		{45BA8248-8607-416F-A4B7-98139E479BF4}.Debug|Any CPU.ActiveCfg = Debug|Any CPU
		{45BA8248-8607-416F-A4B7-98139E479BF4}.Debug|Any CPU.Build.0 = Debug|Any CPU
		{45BA8248-8607-416F-A4B7-98139E479BF4}.Release|Any CPU.ActiveCfg = Release|Any CPU
		{45BA8248-8607-416F-A4B7-98139E479BF4}.Release|Any CPU.Build.0 = Release|Any CPU
		{2FFB32B3-C2EF-45AD-9B12-41374416A802}.Debug|Any CPU.ActiveCfg = Debug|Any CPU
		{2FFB32B3-C2EF-45AD-9B12-41374416A802}.Debug|Any CPU.Build.0 = Debug|Any CPU
		{2FFB32B3-C2EF-45AD-9B12-41374416A802}.Release|Any CPU.ActiveCfg = Release|Any CPU
		{2FFB32B3-C2EF-45AD-9B12-41374416A802}.Release|Any CPU.Build.0 = Release|Any CPU
	EndGlobalSection
EndGlobal
